{
  "name": "docs",
  "version": "1.0.0",
  "lockfileVersion": 1,
  "requires": true,
  "dependencies": {
    "detect-indent": {
      "version": "5.0.0",
      "resolved": "https://registry.npmjs.org/detect-indent/-/detect-indent-5.0.0.tgz",
      "integrity": "sha1-OHHMCmoALow+Wzz38zYmRnXwa50="
    },
    "highlight.js": {
      "version": "10.1.1",
      "resolved": "https://registry.npmjs.org/highlight.js/-/highlight.js-10.1.1.tgz",
      "integrity": "sha512-b4L09127uVa+9vkMgPpdUQP78ickGbHEQTWeBrQFTJZ4/n2aihWOGS0ZoUqAwjVmfjhq/C76HRzkqwZhK4sBbg=="
    },
    "indent-string": {
      "version": "3.2.0",
      "resolved": "https://registry.npmjs.org/indent-string/-/indent-string-3.2.0.tgz",
      "integrity": "sha1-Sl/W0nzDMvN+VBmlBNu4NxBckok="
    },
    "redent": {
      "version": "2.0.0",
      "resolved": "https://registry.npmjs.org/redent/-/redent-2.0.0.tgz",
      "integrity": "sha1-wbIAe0LVfrE4kHmzyDM2OdXhzKo=",
      "requires": {
        "indent-string": "^3.0.0",
        "strip-indent": "^2.0.0"
      }
    },
    "strip-indent": {
      "version": "2.0.0",
      "resolved": "https://registry.npmjs.org/strip-indent/-/strip-indent-2.0.0.tgz",
      "integrity": "sha1-XvjbKV0B5u1sv3qrlpmNeCJSe2g="
    },
    "tslib": {
      "version": "1.13.0",
      "resolved": "https://registry.npmjs.org/tslib/-/tslib-1.13.0.tgz",
      "integrity": "sha512-i/6DQjL8Xf3be4K/E6Wgpekn5Qasl1usyw++dAA35Ue5orEn65VIxOA+YvNNl9HV3qv70T7CNwjODHZrLwvd1Q=="
    },
    "vue-highlight": {
      "version": "0.0.0",
      "resolved": "https://registry.npm.taobao.org/vue-highlight/download/vue-highlight-0.0.0.tgz"
    },
    "vue-highlight.js": {
      "version": "3.1.0",
      "resolved": "https://registry.npmjs.org/vue-highlight.js/-/vue-highlight.js-3.1.0.tgz",
      "integrity": "sha512-i55SERtdV0CYQppGo29iT6NOq+oOenOKVwkLWZRt7bSynbsQoj/e8GJy/5xL1s5OOYObC/CxA39bRadVyPQt1A==",
      "requires": {
        "detect-indent": "^5.0.0",
        "redent": "^2.0.0",
        "tslib": "^1.9.3"
      }
    }
  }
}
