{
  "name": "docs",
  "version": "1.0.0",
  "lockfileVersion": 1,
  "requires": true,
  "dependencies": {
    "animate.css": {
      "version": "4.1.1",
      "resolved": "https://registry.npm.taobao.org/animate.css/download/animate.css-4.1.1.tgz",
      "integrity": "sha1-YU7FqBEx1+TcNipYFD90BqvWgHU="
    },
    "async-validator": {
      "version": "3.5.1",
      "resolved": "https://registry.npm.taobao.org/async-validator/download/async-validator-3.5.1.tgz",
      "integrity": "sha1-zWK5aIskZfSEIOJ620d2CrG1VZ8="
    }
  }
}
